
Microsoft Visual Studio Solution File, Format Version 12.00
# Visual Studio Version 17
VisualStudioVersion = 17.2.32602.215
MinimumVisualStudioVersion = 10.0.40219.1
Project("{FAE04EC0-301F-11D3-BF4B-00C04F79EFBC}") = "SchoolProject", "SchoolProject.csproj", "{332D0C55-C06B-447B-A107-06FF69E8D40A}"
EndProject
Global
	GlobalSection(SolutionConfigurationPlatforms) = preSolution
		Debug|Any CPU = Debug|Any CPU
		Release|Any CPU = Release|Any CPU
	EndGlobalSection
	GlobalSection(ProjectConfigurationPlatforms) = postSolution
		{332D0C55-C06B-447B-A107-06FF69E8D40A}.Debug|Any CPU.ActiveCfg = Debug|Any CPU
		{332D0C55-C06B-447B-A107-06FF69E8D40A}.Debug|Any CPU.Build.0 = Debug|Any CPU
		{332D0C55-C06B-447B-A107-06FF69E8D40A}.Release|Any CPU.ActiveCfg = Release|Any CPU
		{332D0C55-C06B-447B-A107-06FF69E8D40A}.Release|Any CPU.Build.0 = Release|Any CPU
	EndGlobalSection
	GlobalSection(SolutionProperties) = preSolution
		HideSolutionNode = FALSE
	EndGlobalSection
	GlobalSection(ExtensibilityGlobals) = postSolution
		SolutionGuid = {B4DE1FA1-C4F8-44D6-90EC-61A47A815C47}
	EndGlobalSection
EndGlobal
